<Solution>
  <Project Path="Add-Two-Numbers/Add-Two-Numbers.csproj" Id="eae5fc72-7eda-4744-bd65-db3ad50a5620" />
  <Project Path="Angle-Between-Hands-of-a-Clock/Angle-Between-Hands-of-a-Clock.csproj" Id="2b75085f-dc44-4ffa-9803-7c5df38b8fb6" />
  <Project Path="Delete-the-Middle-Node-of-a-Linked-List/Delete-the-Middle-Node-of-a-Linked-List.csproj" Id="801e48bd-bd8d-4b9e-a4b7-762009335b7e" />
  <Project Path="Find-the-Highest-Altitude/Find-the-Highest-Altitude.csproj" Id="8e3e934a-d350-4298-9722-076f12b986ba" />
  <Project Path="Integer-to-Roman/Integer-to-Roman.csproj" Id="5c657fb6-4247-4c0c-a630-5a2debfaf847" />
  <Project Path="Jewels-and-Stones/Jewels-and-Stones.csproj" Id="061bd87d-e346-4e26-b76f-29ba8aec15dd" />
  <Project Path="Longest-Substring-Without-Repeating-Characters/Longest-Substring-Without-Repeating-Characters.csproj" Id="81d26a17-58a8-4539-882b-41d4d920df08" />
  <Project Path="Maximum-Building-Height/Maximum-Building-Height.csproj" Id="b950d5c9-e113-4dfe-b056-4ef3ee901571" />
  <Project Path="Maximum-Ice-Cream-Bars/Maximum-Ice-Cream-Bars.csproj" Id="445b2883-aead-49b7-a05c-a6c2da2d0273" />
  <Project Path="Maximum-Number-of-Balloons/Maximum-Number-of-Balloons.csproj" Id="89723ee4-1c5d-48e8-8e19-8bc99ce1cf8e" />
  <Project Path="Maximum-Twin-Sum-of-a-Linked-List/Maximum-Twin-Sum-of-a-Linked-List.csproj" Id="9063a400-96e7-4177-915a-bb8d6544d8e5" />
  <Project Path="Median-of-Two-Sorted-Arrays/Median-of-Two-Sorted-Arrays.csproj" Id="defb6dc2-1ffb-40a3-a301-57c691ab84bb" />
  <Project Path="Merge-Two-Sorted-Lists/Merge-Two-Sorted-Lists.csproj" Id="1d689609-8051-4242-b559-d6125d01d773" />
  <Project Path="Minimum-Cost-of-Buying-Candies-With-Discount/Minimum-Cost-of-Buying-Candies-With-Discount.csproj" Id="c6714c37-ce04-4972-8ced-3ea709b33c1c" />
  <Project Path="Process-String-with-Special-Operations-I/Process-String-with-Special-Operations-I.csproj" Id="b6098a17-3b08-473f-9762-2e6b00e37273" />
  <Project Path="Process-String-with-Special-Operations-II/Process-String-with-Special-Operations-II.csproj" Id="5cf42fbf-ea45-47e9-badc-2af592f04a36" />
  <Project Path="reverse-integers/reverse-integers.csproj" Id="7921636b-99eb-4be6-9eb1-c9a0b090b4a3" />
  <Project Path="Roman-to-Integer/Roman-to-Integer.csproj" Id="1763581b-abfc-4abb-bae6-0d5361b1e12a" />
  <Project Path="Self-Dividing-Numbers/Self-Dividing-Numbers.csproj" Id="7e307351-84b0-4bfa-b110-993fd3708df4" />
  <Project Path="String-to-Integer-atoi/String-to-Integer-atoi.csproj" Id="3c67731d-60dd-43fb-b9cb-d99dcac80464" />
  <Project Path="Two-Sum/Two-Sum.csproj" Id="e16c100b-0aa8-4723-a211-f2cdd75e11a6" />
  <Project Path="Weighted Word Mapping/Weighted Word Mapping.csproj" Id="a3c1af33-8612-4a01-a649-5edc5bb29f50" />
</Solution>
